
Microsoft Visual Studio Solution File, Format Version 12.00
# Visual Studio Version 17
VisualStudioVersion = 17.7.34003.232
MinimumVisualStudioVersion = 10.0.40219.1
Project("{FAE04EC0-301F-11D3-BF4B-00C04F79EFBC}") = "ChessLogic", "ChessLogic.csproj", "{7586665C-2704-44B2-ADA6-EA15B907BC38}"
EndProject
Project("{FAE04EC0-301F-11D3-BF4B-00C04F79EFBC}") = "ChessUI", "..\ChessUI\ChessUI.csproj", "{ECFAF79C-2501-4210-923C-D20B939F7D44}"
EndProject
Global
	GlobalSection(SolutionConfigurationPlatforms) = preSolution
		Debug|Any CPU = Debug|Any CPU
		Release|Any CPU = Release|Any CPU
	EndGlobalSection
	GlobalSection(ProjectConfigurationPlatforms) = postSolution
		{7586665C-2704-44B2-ADA6-EA15B907BC38}.Debug|Any CPU.ActiveCfg = Debug|Any CPU
		{7586665C-2704-44B2-ADA6-EA15B907BC38}.Debug|Any CPU.Build.0 = Debug|Any CPU
		{7586665C-2704-44B2-ADA6-EA15B907BC38}.Release|Any CPU.ActiveCfg = Release|Any CPU
		{7586665C-2704-44B2-ADA6-EA15B907BC38}.Release|Any CPU.Build.0 = Release|Any CPU
		{ECFAF79C-2501-4210-923C-D20B939F7D44}.Debug|Any CPU.ActiveCfg = Debug|Any CPU
		{ECFAF79C-2501-4210-923C-D20B939F7D44}.Debug|Any CPU.Build.0 = Debug|Any CPU
		{ECFAF79C-2501-4210-923C-D20B939F7D44}.Release|Any CPU.ActiveCfg = Release|Any CPU
		{ECFAF79C-2501-4210-923C-D20B939F7D44}.Release|Any CPU.Build.0 = Release|Any CPU
	EndGlobalSection
	GlobalSection(SolutionProperties) = preSolution
		HideSolutionNode = FALSE
	EndGlobalSection
	GlobalSection(ExtensibilityGlobals) = postSolution
		SolutionGuid = {34C05EA6-E06F-4999-8734-66A97C1BBCAC}
	EndGlobalSection
EndGlobal
